
Microsoft Visual Studio Solution File, Format Version 12.00
# Visual Studio Version 16
VisualStudioVersion = 16.0.29215.179
MinimumVisualStudioVersion = 10.0.40219.1
Project("{FAE04EC0-301F-11D3-BF4B-00C04F79EFBC}") = "BokLib", "BokLib.csproj", "{36A3D79F-1CE9-4158-83E4-B2A4EF44CE6B}"
EndProject
Global
	GlobalSection(SolutionConfigurationPlatforms) = preSolution
		Debug|Any CPU = Debug|Any CPU
		Release|Any CPU = Release|Any CPU
	EndGlobalSection
	GlobalSection(ProjectConfigurationPlatforms) = postSolution
		{36A3D79F-1CE9-4158-83E4-B2A4EF44CE6B}.Debug|Any CPU.ActiveCfg = Debug|Any CPU
		{36A3D79F-1CE9-4158-83E4-B2A4EF44CE6B}.Debug|Any CPU.Build.0 = Debug|Any CPU
		{36A3D79F-1CE9-4158-83E4-B2A4EF44CE6B}.Release|Any CPU.ActiveCfg = Release|Any CPU
		{36A3D79F-1CE9-4158-83E4-B2A4EF44CE6B}.Release|Any CPU.Build.0 = Release|Any CPU
	EndGlobalSection
	GlobalSection(SolutionProperties) = preSolution
		HideSolutionNode = FALSE
	EndGlobalSection
	GlobalSection(ExtensibilityGlobals) = postSolution
		SolutionGuid = {2EC885E1-713C-4152-B00B-6B0AFF1F67C5}
	EndGlobalSection
EndGlobal
