
Microsoft Visual Studio Solution File, Format Version 12.00
# Visual Studio Version 16
VisualStudioVersion = 16.0.29215.179
MinimumVisualStudioVersion = 10.0.40219.1
Project("{FAE04EC0-301F-11D3-BF4B-00C04F79EFBC}") = "BokLib", "BokLib\BokLib.csproj", "{36A3D79F-1CE9-4158-83E4-B2A4EF44CE6B}"
EndProject
Project("{FAE04EC0-301F-11D3-BF4B-00C04F79EFBC}") = "DisableInstantbuildOnSavegameLoad", "DisableInstantBuildOnSavegameLoad\DisableInstantbuildOnSavegameLoad.csproj", "{6C8AACFF-ACF2-49AF-8299-E0B31A96DD5C}"
EndProject
Project("{FAE04EC0-301F-11D3-BF4B-00C04F79EFBC}") = "InsulatedFarmTiles", "InsulatedFarmTile\InsulatedFarmTiles.csproj", "{364DA4E8-A4CA-4104-B27E-ABE5C6B034DA}"
EndProject
Project("{FAE04EC0-301F-11D3-BF4B-00C04F79EFBC}") = "PipedSweepyDock", "PipedSweepyDock\PipedSweepyDock.csproj", "{B41E5642-C4EC-4B29-8B13-E856FFB7BD11}"
EndProject
Global
	GlobalSection(SolutionConfigurationPlatforms) = preSolution
		Debug|Any CPU = Debug|Any CPU
		Release|Any CPU = Release|Any CPU
	EndGlobalSection
	GlobalSection(ProjectConfigurationPlatforms) = postSolution
		{36A3D79F-1CE9-4158-83E4-B2A4EF44CE6B}.Debug|Any CPU.ActiveCfg = Debug|Any CPU
		{36A3D79F-1CE9-4158-83E4-B2A4EF44CE6B}.Debug|Any CPU.Build.0 = Debug|Any CPU
		{36A3D79F-1CE9-4158-83E4-B2A4EF44CE6B}.Release|Any CPU.ActiveCfg = Release|Any CPU
		{36A3D79F-1CE9-4158-83E4-B2A4EF44CE6B}.Release|Any CPU.Build.0 = Release|Any CPU
		{6C8AACFF-ACF2-49AF-8299-E0B31A96DD5C}.Debug|Any CPU.ActiveCfg = Debug|Any CPU
		{6C8AACFF-ACF2-49AF-8299-E0B31A96DD5C}.Debug|Any CPU.Build.0 = Debug|Any CPU
		{6C8AACFF-ACF2-49AF-8299-E0B31A96DD5C}.Release|Any CPU.ActiveCfg = Release|Any CPU
		{6C8AACFF-ACF2-49AF-8299-E0B31A96DD5C}.Release|Any CPU.Build.0 = Release|Any CPU
		{364DA4E8-A4CA-4104-B27E-ABE5C6B034DA}.Debug|Any CPU.ActiveCfg = Debug|Any CPU
		{364DA4E8-A4CA-4104-B27E-ABE5C6B034DA}.Debug|Any CPU.Build.0 = Debug|Any CPU
		{364DA4E8-A4CA-4104-B27E-ABE5C6B034DA}.Release|Any CPU.ActiveCfg = Release|Any CPU
		{364DA4E8-A4CA-4104-B27E-ABE5C6B034DA}.Release|Any CPU.Build.0 = Release|Any CPU
		{B41E5642-C4EC-4B29-8B13-E856FFB7BD11}.Debug|Any CPU.ActiveCfg = Debug|Any CPU
		{B41E5642-C4EC-4B29-8B13-E856FFB7BD11}.Debug|Any CPU.Build.0 = Debug|Any CPU
		{B41E5642-C4EC-4B29-8B13-E856FFB7BD11}.Release|Any CPU.ActiveCfg = Release|Any CPU
		{B41E5642-C4EC-4B29-8B13-E856FFB7BD11}.Release|Any CPU.Build.0 = Release|Any CPU
	EndGlobalSection
	GlobalSection(SolutionProperties) = preSolution
		HideSolutionNode = FALSE
	EndGlobalSection
	GlobalSection(ExtensibilityGlobals) = postSolution
		SolutionGuid = {982AED58-A3E5-4831-83D0-71F40BB1B50E}
	EndGlobalSection
EndGlobal
